Microsoft Visual Studio Solution File, Format Version 12.00
# Visual Studio Version 17
VisualStudioVersion = 17.4.32913.76
MinimumVisualStudioVersion = 10.0.40219.1
Project("{FAE04EC0-301F-11D3-BF4B-00C04F79EFBC}") = "BFF.Cache", "BFF.Cache\BFF.Cache.csproj", "{D2B57F77-2345-4BCD-A123-7C34D1EFB234}"
EndProject
Project("{FAE04EC0-301F-11D3-BF4B-00C04F79EFBC}") = "BFF.API", "BFF.API\BFF.API.csproj", "{C1A07FCE-1234-4ABC-9B12-9E07B16FB91C}"
EndProject
Global
    GlobalSection(SolutionConfigurationPlatforms) = preSolution
        Debug|Any CPU = Debug|Any CPU
        Release|Any CPU = Release|Any CPU
    EndGlobalSection
    GlobalSection(ProjectConfigurationPlatforms) = postSolution
        {D2B57F77-2345-4BCD-A123-7C34D1EFB234}.Debug|Any CPU.ActiveCfg = Debug|Any CPU
        {D2B57F77-2345-4BCD-A123-7C34D1EFB234}.Debug|Any CPU.Build.0 = Debug|Any CPU
        {D2B57F77-2345-4BCD-A123-7C34D1EFB234}.Release|Any CPU.ActiveCfg = Release|Any CPU
        {D2B57F77-2345-4BCD-A123-7C34D1EFB234}.Release|Any CPU.Build.0 = Release|Any CPU
        {C1A07FCE-1234-4ABC-9B12-9E07B16FB91C}.Debug|Any CPU.ActiveCfg = Debug|Any CPU
        {C1A07FCE-1234-4ABC-9B12-9E07B16FB91C}.Debug|Any CPU.Build.0 = Debug|Any CPU
        {C1A07FCE-1234-4ABC-9B12-9E07B16FB91C}.Release|Any CPU.ActiveCfg = Release|Any CPU
        {C1A07FCE-1234-4ABC-9B12-9E07B16FB91C}.Release|Any CPU.Build.0 = Release|Any CPU
    EndGlobalSection
    GlobalSection(SolutionProperties) = preSolution
        HideSolutionNode = FALSE
    EndGlobalSection
EndGlobal